
Microsoft Visual Studio Solution File, Format Version 12.00
# Visual Studio Version 16
VisualStudioVersion = 16.0.30503.244
MinimumVisualStudioVersion = 10.0.40219.1
Project("{FAE04EC0-301F-11D3-BF4B-00C04F79EFBC}") = "ShutTheBox", "ShutTheBox.csproj", "{C176C79B-B185-4573-B584-387FFF3C3489}"
EndProject
Global
	GlobalSection(SolutionConfigurationPlatforms) = preSolution
		Debug|Any CPU = Debug|Any CPU
		Release|Any CPU = Release|Any CPU
	EndGlobalSection
	GlobalSection(ProjectConfigurationPlatforms) = postSolution
		{C176C79B-B185-4573-B584-387FFF3C3489}.Debug|Any CPU.ActiveCfg = Debug|Any CPU
		{C176C79B-B185-4573-B584-387FFF3C3489}.Debug|Any CPU.Build.0 = Debug|Any CPU
		{C176C79B-B185-4573-B584-387FFF3C3489}.Release|Any CPU.ActiveCfg = Release|Any CPU
		{C176C79B-B185-4573-B584-387FFF3C3489}.Release|Any CPU.Build.0 = Release|Any CPU
	EndGlobalSection
	GlobalSection(SolutionProperties) = preSolution
		HideSolutionNode = FALSE
	EndGlobalSection
	GlobalSection(ExtensibilityGlobals) = postSolution
		SolutionGuid = {CCC8F0EC-2B44-4C60-B456-AAA70A1FABFF}
	EndGlobalSection
EndGlobal
